# CPython 3.12, Windows x86_64. Build only inside the dedicated offline venv.
altgraph==0.17.4 --hash=sha256:642743b4750de17e655e6711601b077bc6598dbfa3ba5fa2b2a35ce12b508dff
packaging==25.0 --hash=sha256:29572ef2b1f17581046b3a2227d5c611fb25ec70ca1ba8554b24b0e69331a484
pefile==2023.2.7 --hash=sha256:da185cd2af68c08a6cd4481f7325ed600a88f6a813bad9dea07ab3ef73d8d8d6
Pillow==10.1.0 --hash=sha256:eaed6977fa73408b7b8a24e8b14e59e1668cfc0f4c40193ea7ced8e210adf996
pyinstaller==6.2.0 --hash=sha256:3b586196277c4c54b69880650984c39c28bb6258c2b4b64200032e6ac69d53a0
pyinstaller-hooks-contrib==2025.9 --hash=sha256:ccbfaa49399ef6b18486a165810155e5a8d4c59b41f20dc5da81af7482aaf038
pyserial==3.5 --hash=sha256:c4451db6ba391ca6ca299fb3ec7bae67a5c55dde170964c7a14ceefec02f2cf0
pystray==0.19.5 --hash=sha256:a0c2229d02cf87207297c22d86ffc57c86c227517b038c0d3c59df79295ac617
pywin32-ctypes==0.2.2 --hash=sha256:bf490a1a709baf35d688fe0ecf980ed4de11d2b3e37b51e5442587a75d9957e7
setuptools==69.5.1 --hash=sha256:c636ac361bc47580504644275c9ad802c50415c7522212252c033bd15f301f32
six==1.16.0 --hash=sha256:8abb2f1d86890a2dfb989f9a77cfcfd3e47c2a354b01111771326f8aa26e0254
